
Microsoft Visual Studio Solution File, Format Version 12.00
# Visual Studio Version 16
VisualStudioVersion = 16.0.32510.428
MinimumVisualStudioVersion = 10.0.40219.1
Project("{9A19103F-16F7-4668-BE54-9A1E7A4F7556}") = "AssignmentDeltaXAPI", "AssignmentDeltaXAPI\AssignmentDeltaXAPI.csproj", "{36B9DA29-F777-4370-9F60-93BA4704F33E}"
EndProject
Project("{9A19103F-16F7-4668-BE54-9A1E7A4F7556}") = "NonSchemaModels", "NonSchemaModels\NonSchemaModels.csproj", "{A44B3868-A060-498C-945A-DD42E424C855}"
EndProject
Project("{9A19103F-16F7-4668-BE54-9A1E7A4F7556}") = "UnitCases", "UnitCases\UnitCases.csproj", "{EDEE5AED-F2FA-46BA-84C6-AEA2DC647BE8}"
EndProject
Project("{2150E333-8FDC-42A3-9474-1A3956D46DE8}") = "APISecurity", "APISecurity", "{9C3E6438-0C10-4968-8F54-739B21E6569A}"
EndProject
Project("{9A19103F-16F7-4668-BE54-9A1E7A4F7556}") = "Security", "Security\Security.csproj", "{C63E4076-08AA-4DA3-85F1-9336056DA58B}"
EndProject
Project("{9A19103F-16F7-4668-BE54-9A1E7A4F7556}") = "CustomValidation", "CustomValidation\CustomValidation.csproj", "{0804E5F6-88C9-4738-BA66-06A10CD0E96B}"
EndProject
Project("{2150E333-8FDC-42A3-9474-1A3956D46DE8}") = "ConsoleClient", "ConsoleClient", "{A3112C32-C45C-4FD6-BE4C-7E9AEDD174A5}"
EndProject
Project("{9A19103F-16F7-4668-BE54-9A1E7A4F7556}") = "Client", "Client\Client.csproj", "{7CF099BB-9118-46F8-9B77-4D4D822B887A}"
EndProject
Project("{9A19103F-16F7-4668-BE54-9A1E7A4F7556}") = "Logger", "Logger\Logger.csproj", "{E82CA3AB-DB5D-4FE5-B99F-1064CAD93E54}"
EndProject
Project("{FAE04EC0-301F-11D3-BF4B-00C04F79EFBC}") = "APIGateway", "APIGateway\APIGateway.csproj", "{6C281C3C-8DC5-4490-8C3E-1F15B4008638}"
EndProject
Global
	GlobalSection(SolutionConfigurationPlatforms) = preSolution
		Debug|Any CPU = Debug|Any CPU
		Release|Any CPU = Release|Any CPU
	EndGlobalSection
	GlobalSection(ProjectConfigurationPlatforms) = postSolution
		{36B9DA29-F777-4370-9F60-93BA4704F33E}.Debug|Any CPU.ActiveCfg = Debug|Any CPU
		{36B9DA29-F777-4370-9F60-93BA4704F33E}.Debug|Any CPU.Build.0 = Debug|Any CPU
		{36B9DA29-F777-4370-9F60-93BA4704F33E}.Release|Any CPU.ActiveCfg = Release|Any CPU
		{36B9DA29-F777-4370-9F60-93BA4704F33E}.Release|Any CPU.Build.0 = Release|Any CPU
		{A44B3868-A060-498C-945A-DD42E424C855}.Debug|Any CPU.ActiveCfg = Debug|Any CPU
		{A44B3868-A060-498C-945A-DD42E424C855}.Debug|Any CPU.Build.0 = Debug|Any CPU
		{A44B3868-A060-498C-945A-DD42E424C855}.Release|Any CPU.ActiveCfg = Release|Any CPU
		{A44B3868-A060-498C-945A-DD42E424C855}.Release|Any CPU.Build.0 = Release|Any CPU
		{EDEE5AED-F2FA-46BA-84C6-AEA2DC647BE8}.Debug|Any CPU.ActiveCfg = Debug|Any CPU
		{EDEE5AED-F2FA-46BA-84C6-AEA2DC647BE8}.Debug|Any CPU.Build.0 = Debug|Any CPU
		{EDEE5AED-F2FA-46BA-84C6-AEA2DC647BE8}.Release|Any CPU.ActiveCfg = Release|Any CPU
		{EDEE5AED-F2FA-46BA-84C6-AEA2DC647BE8}.Release|Any CPU.Build.0 = Release|Any CPU
		{C63E4076-08AA-4DA3-85F1-9336056DA58B}.Debug|Any CPU.ActiveCfg = Debug|Any CPU
		{C63E4076-08AA-4DA3-85F1-9336056DA58B}.Debug|Any CPU.Build.0 = Debug|Any CPU
		{C63E4076-08AA-4DA3-85F1-9336056DA58B}.Release|Any CPU.ActiveCfg = Release|Any CPU
		{C63E4076-08AA-4DA3-85F1-9336056DA58B}.Release|Any CPU.Build.0 = Release|Any CPU
		{0804E5F6-88C9-4738-BA66-06A10CD0E96B}.Debug|Any CPU.ActiveCfg = Debug|Any CPU
		{0804E5F6-88C9-4738-BA66-06A10CD0E96B}.Debug|Any CPU.Build.0 = Debug|Any CPU
		{0804E5F6-88C9-4738-BA66-06A10CD0E96B}.Release|Any CPU.ActiveCfg = Release|Any CPU
		{0804E5F6-88C9-4738-BA66-06A10CD0E96B}.Release|Any CPU.Build.0 = Release|Any CPU
		{7CF099BB-9118-46F8-9B77-4D4D822B887A}.Debug|Any CPU.ActiveCfg = Debug|Any CPU
		{7CF099BB-9118-46F8-9B77-4D4D822B887A}.Debug|Any CPU.Build.0 = Debug|Any CPU
		{7CF099BB-9118-46F8-9B77-4D4D822B887A}.Release|Any CPU.ActiveCfg = Release|Any CPU
		{7CF099BB-9118-46F8-9B77-4D4D822B887A}.Release|Any CPU.Build.0 = Release|Any CPU
		{E82CA3AB-DB5D-4FE5-B99F-1064CAD93E54}.Debug|Any CPU.ActiveCfg = Debug|Any CPU
		{E82CA3AB-DB5D-4FE5-B99F-1064CAD93E54}.Debug|Any CPU.Build.0 = Debug|Any CPU
		{E82CA3AB-DB5D-4FE5-B99F-1064CAD93E54}.Release|Any CPU.ActiveCfg = Release|Any CPU
		{E82CA3AB-DB5D-4FE5-B99F-1064CAD93E54}.Release|Any CPU.Build.0 = Release|Any CPU
		{6C281C3C-8DC5-4490-8C3E-1F15B4008638}.Debug|Any CPU.ActiveCfg = Debug|Any CPU
		{6C281C3C-8DC5-4490-8C3E-1F15B4008638}.Debug|Any CPU.Build.0 = Debug|Any CPU
		{6C281C3C-8DC5-4490-8C3E-1F15B4008638}.Release|Any CPU.ActiveCfg = Release|Any CPU
		{6C281C3C-8DC5-4490-8C3E-1F15B4008638}.Release|Any CPU.Build.0 = Release|Any CPU
	EndGlobalSection
	GlobalSection(SolutionProperties) = preSolution
		HideSolutionNode = FALSE
	EndGlobalSection
	GlobalSection(NestedProjects) = preSolution
		{C63E4076-08AA-4DA3-85F1-9336056DA58B} = {9C3E6438-0C10-4968-8F54-739B21E6569A}
		{7CF099BB-9118-46F8-9B77-4D4D822B887A} = {A3112C32-C45C-4FD6-BE4C-7E9AEDD174A5}
	EndGlobalSection
	GlobalSection(ExtensibilityGlobals) = postSolution
		SolutionGuid = {C50C9C89-06D6-4A15-B7A6-51181EC60DB5}
	EndGlobalSection
EndGlobal
